# This file is automatically @generated by Cargo.
# It is not intended for manual editing.
[[package]]
name = "exitcode"
version = "1.1.2"
source = "registry+https://github.com/rust-lang/crates.io-index"

[[package]]
name = "ir"
version = "0.1.0"
dependencies = [
 "exitcode 1.1.2 (registry+https://github.com/rust-lang/crates.io-index)",
 "libc 0.2.64",
]

[[package]]
name = "libc"
version = "0.2.64"

[metadata]
"checksum exitcode 1.1.2 (registry+https://github.com/rust-lang/crates.io-index)" = "de853764b47027c2e862a995c34978ffa63c1501f2e15f987ba11bd4f9bba193"
